
Microsoft Visual Studio Solution File, Format Version 12.00
# Visual Studio 15
Project("{FAE04EC0-301F-11D3-BF4B-00C04F79EFBC}") = "Unity.2D.Animation.Editor", "Unity.2D.Animation.Editor.csproj", "{946958FE-61E5-F2A3-6718-EDBD201F1261}"
EndProject
Project("{FAE04EC0-301F-11D3-BF4B-00C04F79EFBC}") = "Unity.2D.Tilemap.Editor", "Unity.2D.Tilemap.Editor.csproj", "{E99136EC-493D-EBBE-8E70-71E9DB13CE9E}"
EndProject
Project("{FAE04EC0-301F-11D3-BF4B-00C04F79EFBC}") = "Unity.TextMeshPro.Editor", "Unity.TextMeshPro.Editor.csproj", "{B8A4FFCE-A25D-A2B5-6052-4F129781C9B2}"
EndProject
Project("{FAE04EC0-301F-11D3-BF4B-00C04F79EFBC}") = "Unity.Burst", "Unity.Burst.csproj", "{EA9A7A9E-74B9-2584-292A-0AAEFB86FD7C}"
EndProject
Project("{FAE04EC0-301F-11D3-BF4B-00C04F79EFBC}") = "Unity.2D.Aseprite.Editor", "Unity.2D.Aseprite.Editor.csproj", "{10DDFB44-BCB9-30DF-BEC1-8547A317D844}"
EndProject
Project("{FAE04EC0-301F-11D3-BF4B-00C04F79EFBC}") = "Unity.InputSystem", "Unity.InputSystem.csproj", "{92FF0BFD-30A6-6580-8E39-EE23AB7C789B}"
EndProject
Project("{FAE04EC0-301F-11D3-BF4B-00C04F79EFBC}") = "UnityEditor.UI", "UnityEditor.UI.csproj", "{ED0789C5-7A2A-6498-09F9-7A14E7296ABB}"
EndProject
Project("{FAE04EC0-301F-11D3-BF4B-00C04F79EFBC}") = "Unity.2D.Psdimporter.Editor", "Unity.2D.Psdimporter.Editor.csproj", "{DBE29566-14B6-85FA-1699-31BCA28806CD}"
EndProject
Project("{FAE04EC0-301F-11D3-BF4B-00C04F79EFBC}") = "Unity.2D.Sprite.Editor", "Unity.2D.Sprite.Editor.csproj", "{F8D16447-B423-D1CB-AD6B-84CB01177C64}"
EndProject
Project("{FAE04EC0-301F-11D3-BF4B-00C04F79EFBC}") = "Unity.Mathematics", "Unity.Mathematics.csproj", "{24C618CA-344E-A727-5D64-790BDC7D8CF1}"
EndProject
Project("{FAE04EC0-301F-11D3-BF4B-00C04F79EFBC}") = "Unity.2D.PixelPerfect.Editor", "Unity.2D.PixelPerfect.Editor.csproj", "{DBF01A18-A1AF-D837-2CB8-6A5D52EBB46C}"
EndProject
Project("{FAE04EC0-301F-11D3-BF4B-00C04F79EFBC}") = "Unity.2D.Common.Path.Editor", "Unity.2D.Common.Path.Editor.csproj", "{B1A98DC1-3749-8495-AF1D-B04C0146CCB5}"
EndProject
Project("{FAE04EC0-301F-11D3-BF4B-00C04F79EFBC}") = "Unity.2D.IK.Runtime", "Unity.2D.IK.Runtime.csproj", "{1633B7A7-C17F-8C42-96F7-7ADE1690AEC9}"
EndProject
Project("{FAE04EC0-301F-11D3-BF4B-00C04F79EFBC}") = "UnityEditor.TestRunner", "UnityEditor.TestRunner.csproj", "{B4D8AA87-D2F6-87F6-7F1C-D81C4A355DCB}"
EndProject
Project("{FAE04EC0-301F-11D3-BF4B-00C04F79EFBC}") = "PsdPlugin", "PsdPlugin.csproj", "{E3B12207-B58B-932C-B436-FC5C3BF6211D}"
EndProject
Project("{FAE04EC0-301F-11D3-BF4B-00C04F79EFBC}") = "UnityEngine.TestRunner", "UnityEngine.TestRunner.csproj", "{7E0D6151-9230-731B-7B3C-91D13D60BE27}"
EndProject
Project("{FAE04EC0-301F-11D3-BF4B-00C04F79EFBC}") = "UnityEngine.UI", "UnityEngine.UI.csproj", "{6B8F14C1-74D0-4C3C-4257-95513870C259}"
EndProject
Project("{FAE04EC0-301F-11D3-BF4B-00C04F79EFBC}") = "Unity.2D.IK.Editor", "Unity.2D.IK.Editor.csproj", "{718E5EC5-876F-8A79-0465-D3B4BD2A5D7A}"
EndProject
Project("{FAE04EC0-301F-11D3-BF4B-00C04F79EFBC}") = "Unity.Collections", "Unity.Collections.csproj", "{0F679D95-81DA-9A11-49B0-4426B0DA8166}"
EndProject
Project("{FAE04EC0-301F-11D3-BF4B-00C04F79EFBC}") = "Unity.TextMeshPro", "Unity.TextMeshPro.csproj", "{4B966C9A-FCEA-7DD5-414A-17DEA98FACF9}"
EndProject
Project("{FAE04EC0-301F-11D3-BF4B-00C04F79EFBC}") = "Unity.VisualStudio.Editor", "Unity.VisualStudio.Editor.csproj", "{C32E617E-F44A-58F4-FA6A-54E2AA1BF836}"
EndProject
Project("{FAE04EC0-301F-11D3-BF4B-00C04F79EFBC}") = "Unity.2D.SpriteShape.Editor", "Unity.2D.SpriteShape.Editor.csproj", "{9C50C50C-C29E-35CE-F569-F556B1FD93A3}"
EndProject
Project("{FAE04EC0-301F-11D3-BF4B-00C04F79EFBC}") = "Assembly-CSharp", "Assembly-CSharp.csproj", "{0234739E-46F0-BC40-E736-2B55143FFF1E}"
EndProject
Project("{FAE04EC0-301F-11D3-BF4B-00C04F79EFBC}") = "Unity.2D.Tilemap.Extras.Editor", "Unity.2D.Tilemap.Extras.Editor.csproj", "{68AA5EF4-16BD-C60F-BABB-709C06D6E2B7}"
EndProject
Project("{FAE04EC0-301F-11D3-BF4B-00C04F79EFBC}") = "Unity.2D.PixelPerfect", "Unity.2D.PixelPerfect.csproj", "{FC6DD99F-3F3B-9292-CBAF-C8B780E7D65E}"
EndProject
Project("{FAE04EC0-301F-11D3-BF4B-00C04F79EFBC}") = "Unity.InputSystem.TestFramework", "Unity.InputSystem.TestFramework.csproj", "{3A3CDF68-D9FC-968C-5808-4D697FB901BA}"
EndProject
Project("{FAE04EC0-301F-11D3-BF4B-00C04F79EFBC}") = "Unity.InternalAPIEditorBridge.001", "Unity.InternalAPIEditorBridge.001.csproj", "{690F6BE4-6095-00AF-B539-60D66444AD84}"
EndProject
Project("{FAE04EC0-301F-11D3-BF4B-00C04F79EFBC}") = "Unity.2D.SpriteShape.Runtime", "Unity.2D.SpriteShape.Runtime.csproj", "{0519F493-3946-9C54-D311-C25FA47374C0}"
EndProject
Project("{FAE04EC0-301F-11D3-BF4B-00C04F79EFBC}") = "Unity.2D.Animation.Runtime", "Unity.2D.Animation.Runtime.csproj", "{A50122ED-BC5D-FABF-57BD-0226FA22370D}"
EndProject
Project("{FAE04EC0-301F-11D3-BF4B-00C04F79EFBC}") = "Unity.Burst.CodeGen", "Unity.Burst.CodeGen.csproj", "{43EB6B8C-6FE2-35E6-3F52-54931647602C}"
EndProject
Project("{FAE04EC0-301F-11D3-BF4B-00C04F79EFBC}") = "Unity.2D.Tilemap.Extras", "Unity.2D.Tilemap.Extras.csproj", "{E82A1FA7-B91A-E72E-93B7-A927DE1A51AA}"
EndProject
Project("{FAE04EC0-301F-11D3-BF4B-00C04F79EFBC}") = "Unity.Burst.Editor", "Unity.Burst.Editor.csproj", "{F405E776-0E5C-B51A-234F-BEDDF028CA34}"
EndProject
Project("{FAE04EC0-301F-11D3-BF4B-00C04F79EFBC}") = "Unity.Collections.BurstCompatibilityGen", "Unity.Collections.BurstCompatibilityGen.csproj", "{195F40A9-3873-F849-1B20-564A8F054C73}"
EndProject
Project("{FAE04EC0-301F-11D3-BF4B-00C04F79EFBC}") = "Unity.VSCode.Editor", "Unity.VSCode.Editor.csproj", "{D55B2D61-2E21-B2B3-12A6-A6BC3EB33256}"
EndProject
Project("{FAE04EC0-301F-11D3-BF4B-00C04F79EFBC}") = "Unity.2D.Aseprite.Common", "Unity.2D.Aseprite.Common.csproj", "{B5E468F6-F0F2-BDFB-F8FF-AB1E6CC63C8E}"
EndProject
Project("{FAE04EC0-301F-11D3-BF4B-00C04F79EFBC}") = "Unity.2D.Common.Editor", "Unity.2D.Common.Editor.csproj", "{410C531C-264D-7BD0-8A99-6628E3EED16C}"
EndProject
Project("{FAE04EC0-301F-11D3-BF4B-00C04F79EFBC}") = "Unity.InternalAPIEngineBridge.001", "Unity.InternalAPIEngineBridge.001.csproj", "{DDCB7080-5D54-2415-87DE-4DF24F110C75}"
EndProject
Project("{FAE04EC0-301F-11D3-BF4B-00C04F79EFBC}") = "Unity.2D.Common.Runtime", "Unity.2D.Common.Runtime.csproj", "{4955CB76-265E-0EEC-7CC1-A1F6B73582BD}"
EndProject
Project("{FAE04EC0-301F-11D3-BF4B-00C04F79EFBC}") = "Unity.Collections.DocCodeSamples", "Unity.Collections.DocCodeSamples.csproj", "{E6352D37-3BB3-9CCE-5E79-6471AC87E539}"
EndProject
Project("{FAE04EC0-301F-11D3-BF4B-00C04F79EFBC}") = "Unity.InputSystem.ForUI", "Unity.InputSystem.ForUI.csproj", "{1D3896DF-A8F8-21A7-F6AE-3FA30E30E81D}"
EndProject
Project("{FAE04EC0-301F-11D3-BF4B-00C04F79EFBC}") = "Unity.Mathematics.Editor", "Unity.Mathematics.Editor.csproj", "{A3EBFBF0-EBC8-A962-81A2-FD168556C690}"
EndProject
Project("{FAE04EC0-301F-11D3-BF4B-00C04F79EFBC}") = "Unity.Burst", "Unity.Burst.Player.csproj", "{69064850-355E-C70B-638D-571449C9D11B}"
EndProject
Project("{FAE04EC0-301F-11D3-BF4B-00C04F79EFBC}") = "Unity.InputSystem", "Unity.InputSystem.Player.csproj", "{EC06EFE4-12AA-20D1-52D3-0C16944134A0}"
EndProject
Project("{FAE04EC0-301F-11D3-BF4B-00C04F79EFBC}") = "Unity.Mathematics", "Unity.Mathematics.Player.csproj", "{FAF1A437-2D2C-4A2A-C957-85DEAA07582E}"
EndProject
Project("{FAE04EC0-301F-11D3-BF4B-00C04F79EFBC}") = "Unity.2D.IK.Runtime", "Unity.2D.IK.Runtime.Player.csproj", "{5B484476-90A7-B635-C7D4-758B5BB85909}"
EndProject
Project("{FAE04EC0-301F-11D3-BF4B-00C04F79EFBC}") = "UnityEngine.TestRunner", "UnityEngine.TestRunner.Player.csproj", "{FF3174C8-1894-2AC7-D7FC-35617773A26D}"
EndProject
Project("{FAE04EC0-301F-11D3-BF4B-00C04F79EFBC}") = "UnityEngine.UI", "UnityEngine.UI.Player.csproj", "{8C74FE7A-D16A-C372-CB11-D04E511E7744}"
EndProject
Project("{FAE04EC0-301F-11D3-BF4B-00C04F79EFBC}") = "Unity.Collections", "Unity.Collections.Player.csproj", "{1D1D2783-19C2-E792-1D30-9642DD626A45}"
EndProject
Project("{FAE04EC0-301F-11D3-BF4B-00C04F79EFBC}") = "Unity.TextMeshPro", "Unity.TextMeshPro.Player.csproj", "{BFFC92DB-94BA-D73B-D5A8-F0415AF6D5A4}"
EndProject
Project("{FAE04EC0-301F-11D3-BF4B-00C04F79EFBC}") = "Assembly-CSharp", "Assembly-CSharp.Player.csproj", "{A8C100BD-9DD8-5DFC-E0BF-3B7411A735F9}"
EndProject
Project("{FAE04EC0-301F-11D3-BF4B-00C04F79EFBC}") = "Unity.2D.PixelPerfect", "Unity.2D.PixelPerfect.Player.csproj", "{F271A8D2-2275-51A4-B645-ACF5645A0E33}"
EndProject
Project("{FAE04EC0-301F-11D3-BF4B-00C04F79EFBC}") = "Unity.InputSystem.TestFramework", "Unity.InputSystem.TestFramework.Player.csproj", "{93884A6B-03D9-58F4-A1D9-D0DBCB377CCF}"
EndProject
Project("{FAE04EC0-301F-11D3-BF4B-00C04F79EFBC}") = "Unity.2D.SpriteShape.Runtime", "Unity.2D.SpriteShape.Runtime.Player.csproj", "{ADA62E5E-78FB-BB57-6A36-8BEAFA1C367D}"
EndProject
Project("{FAE04EC0-301F-11D3-BF4B-00C04F79EFBC}") = "Unity.2D.Animation.Runtime", "Unity.2D.Animation.Runtime.Player.csproj", "{555F5655-41FC-53DE-F5DD-C69FD223C174}"
EndProject
Project("{FAE04EC0-301F-11D3-BF4B-00C04F79EFBC}") = "Unity.2D.Tilemap.Extras", "Unity.2D.Tilemap.Extras.Player.csproj", "{66635F89-C143-56D4-1BA8-938275B3238C}"
EndProject
Project("{FAE04EC0-301F-11D3-BF4B-00C04F79EFBC}") = "Unity.InternalAPIEngineBridge.001", "Unity.InternalAPIEngineBridge.001.Player.csproj", "{9FBE2523-D7D9-89FD-FD7C-78CF26B5E0E1}"
EndProject
Project("{FAE04EC0-301F-11D3-BF4B-00C04F79EFBC}") = "Unity.2D.Common.Runtime", "Unity.2D.Common.Runtime.Player.csproj", "{0C1EF38C-E028-6BCB-EA5C-051FF6A676C6}"
EndProject
Project("{FAE04EC0-301F-11D3-BF4B-00C04F79EFBC}") = "Unity.InputSystem.ForUI", "Unity.InputSystem.ForUI.Player.csproj", "{18685145-390B-6767-A73E-8BE9265CD3A1}"
EndProject
Global
	GlobalSection(SolutionConfigurationPlatforms) = preSolution
		Debug|Any CPU = Debug|Any CPU
		Release|Any CPU = Release|Any CPU
	EndGlobalSection
	GlobalSection(ProjectConfigurationPlatforms) = postSolution
		{946958FE-61E5-F2A3-6718-EDBD201F1261}.Debug|Any CPU.ActiveCfg = Debug|Any CPU
		{946958FE-61E5-F2A3-6718-EDBD201F1261}.Debug|Any CPU.Build.0 = Debug|Any CPU
		{946958FE-61E5-F2A3-6718-EDBD201F1261}.Release|Any CPU.ActiveCfg = Release|Any CPU
		{946958FE-61E5-F2A3-6718-EDBD201F1261}.Release|Any CPU.Build.0 = Release|Any CPU
		{E99136EC-493D-EBBE-8E70-71E9DB13CE9E}.Debug|Any CPU.ActiveCfg = Debug|Any CPU
		{E99136EC-493D-EBBE-8E70-71E9DB13CE9E}.Debug|Any CPU.Build.0 = Debug|Any CPU
		{E99136EC-493D-EBBE-8E70-71E9DB13CE9E}.Release|Any CPU.ActiveCfg = Release|Any CPU
		{E99136EC-493D-EBBE-8E70-71E9DB13CE9E}.Release|Any CPU.Build.0 = Release|Any CPU
		{B8A4FFCE-A25D-A2B5-6052-4F129781C9B2}.Debug|Any CPU.ActiveCfg = Debug|Any CPU
		{B8A4FFCE-A25D-A2B5-6052-4F129781C9B2}.Debug|Any CPU.Build.0 = Debug|Any CPU
		{B8A4FFCE-A25D-A2B5-6052-4F129781C9B2}.Release|Any CPU.ActiveCfg = Release|Any CPU
		{B8A4FFCE-A25D-A2B5-6052-4F129781C9B2}.Release|Any CPU.Build.0 = Release|Any CPU
		{EA9A7A9E-74B9-2584-292A-0AAEFB86FD7C}.Debug|Any CPU.ActiveCfg = Debug|Any CPU
		{EA9A7A9E-74B9-2584-292A-0AAEFB86FD7C}.Debug|Any CPU.Build.0 = Debug|Any CPU
		{EA9A7A9E-74B9-2584-292A-0AAEFB86FD7C}.Release|Any CPU.ActiveCfg = Release|Any CPU
		{EA9A7A9E-74B9-2584-292A-0AAEFB86FD7C}.Release|Any CPU.Build.0 = Release|Any CPU
		{10DDFB44-BCB9-30DF-BEC1-8547A317D844}.Debug|Any CPU.ActiveCfg = Debug|Any CPU
		{10DDFB44-BCB9-30DF-BEC1-8547A317D844}.Debug|Any CPU.Build.0 = Debug|Any CPU
		{10DDFB44-BCB9-30DF-BEC1-8547A317D844}.Release|Any CPU.ActiveCfg = Release|Any CPU
		{10DDFB44-BCB9-30DF-BEC1-8547A317D844}.Release|Any CPU.Build.0 = Release|Any CPU
		{92FF0BFD-30A6-6580-8E39-EE23AB7C789B}.Debug|Any CPU.ActiveCfg = Debug|Any CPU
		{92FF0BFD-30A6-6580-8E39-EE23AB7C789B}.Debug|Any CPU.Build.0 = Debug|Any CPU
		{92FF0BFD-30A6-6580-8E39-EE23AB7C789B}.Release|Any CPU.ActiveCfg = Release|Any CPU
		{92FF0BFD-30A6-6580-8E39-EE23AB7C789B}.Release|Any CPU.Build.0 = Release|Any CPU
		{ED0789C5-7A2A-6498-09F9-7A14E7296ABB}.Debug|Any CPU.ActiveCfg = Debug|Any CPU
		{ED0789C5-7A2A-6498-09F9-7A14E7296ABB}.Debug|Any CPU.Build.0 = Debug|Any CPU
		{ED0789C5-7A2A-6498-09F9-7A14E7296ABB}.Release|Any CPU.ActiveCfg = Release|Any CPU
		{ED0789C5-7A2A-6498-09F9-7A14E7296ABB}.Release|Any CPU.Build.0 = Release|Any CPU
		{DBE29566-14B6-85FA-1699-31BCA28806CD}.Debug|Any CPU.ActiveCfg = Debug|Any CPU
		{DBE29566-14B6-85FA-1699-31BCA28806CD}.Debug|Any CPU.Build.0 = Debug|Any CPU
		{DBE29566-14B6-85FA-1699-31BCA28806CD}.Release|Any CPU.ActiveCfg = Release|Any CPU
		{DBE29566-14B6-85FA-1699-31BCA28806CD}.Release|Any CPU.Build.0 = Release|Any CPU
		{F8D16447-B423-D1CB-AD6B-84CB01177C64}.Debug|Any CPU.ActiveCfg = Debug|Any CPU
		{F8D16447-B423-D1CB-AD6B-84CB01177C64}.Debug|Any CPU.Build.0 = Debug|Any CPU
		{F8D16447-B423-D1CB-AD6B-84CB01177C64}.Release|Any CPU.ActiveCfg = Release|Any CPU
		{F8D16447-B423-D1CB-AD6B-84CB01177C64}.Release|Any CPU.Build.0 = Release|Any CPU
		{24C618CA-344E-A727-5D64-790BDC7D8CF1}.Debug|Any CPU.ActiveCfg = Debug|Any CPU
		{24C618CA-344E-A727-5D64-790BDC7D8CF1}.Debug|Any CPU.Build.0 = Debug|Any CPU
		{24C618CA-344E-A727-5D64-790BDC7D8CF1}.Release|Any CPU.ActiveCfg = Release|Any CPU
		{24C618CA-344E-A727-5D64-790BDC7D8CF1}.Release|Any CPU.Build.0 = Release|Any CPU
		{DBF01A18-A1AF-D837-2CB8-6A5D52EBB46C}.Debug|Any CPU.ActiveCfg = Debug|Any CPU
		{DBF01A18-A1AF-D837-2CB8-6A5D52EBB46C}.Debug|Any CPU.Build.0 = Debug|Any CPU
		{DBF01A18-A1AF-D837-2CB8-6A5D52EBB46C}.Release|Any CPU.ActiveCfg = Release|Any CPU
		{DBF01A18-A1AF-D837-2CB8-6A5D52EBB46C}.Release|Any CPU.Build.0 = Release|Any CPU
		{B1A98DC1-3749-8495-AF1D-B04C0146CCB5}.Debug|Any CPU.ActiveCfg = Debug|Any CPU
		{B1A98DC1-3749-8495-AF1D-B04C0146CCB5}.Debug|Any CPU.Build.0 = Debug|Any CPU
		{B1A98DC1-3749-8495-AF1D-B04C0146CCB5}.Release|Any CPU.ActiveCfg = Release|Any CPU
		{B1A98DC1-3749-8495-AF1D-B04C0146CCB5}.Release|Any CPU.Build.0 = Release|Any CPU
		{1633B7A7-C17F-8C42-96F7-7ADE1690AEC9}.Debug|Any CPU.ActiveCfg = Debug|Any CPU
		{1633B7A7-C17F-8C42-96F7-7ADE1690AEC9}.Debug|Any CPU.Build.0 = Debug|Any CPU
		{1633B7A7-C17F-8C42-96F7-7ADE1690AEC9}.Release|Any CPU.ActiveCfg = Release|Any CPU
		{1633B7A7-C17F-8C42-96F7-7ADE1690AEC9}.Release|Any CPU.Build.0 = Release|Any CPU
		{B4D8AA87-D2F6-87F6-7F1C-D81C4A355DCB}.Debug|Any CPU.ActiveCfg = Debug|Any CPU
		{B4D8AA87-D2F6-87F6-7F1C-D81C4A355DCB}.Debug|Any CPU.Build.0 = Debug|Any CPU
		{B4D8AA87-D2F6-87F6-7F1C-D81C4A355DCB}.Release|Any CPU.ActiveCfg = Release|Any CPU
		{B4D8AA87-D2F6-87F6-7F1C-D81C4A355DCB}.Release|Any CPU.Build.0 = Release|Any CPU
		{E3B12207-B58B-932C-B436-FC5C3BF6211D}.Debug|Any CPU.ActiveCfg = Debug|Any CPU
		{E3B12207-B58B-932C-B436-FC5C3BF6211D}.Debug|Any CPU.Build.0 = Debug|Any CPU
		{E3B12207-B58B-932C-B436-FC5C3BF6211D}.Release|Any CPU.ActiveCfg = Release|Any CPU
		{E3B12207-B58B-932C-B436-FC5C3BF6211D}.Release|Any CPU.Build.0 = Release|Any CPU
		{7E0D6151-9230-731B-7B3C-91D13D60BE27}.Debug|Any CPU.ActiveCfg = Debug|Any CPU
		{7E0D6151-9230-731B-7B3C-91D13D60BE27}.Debug|Any CPU.Build.0 = Debug|Any CPU
		{7E0D6151-9230-731B-7B3C-91D13D60BE27}.Release|Any CPU.ActiveCfg = Release|Any CPU
		{7E0D6151-9230-731B-7B3C-91D13D60BE27}.Release|Any CPU.Build.0 = Release|Any CPU
		{6B8F14C1-74D0-4C3C-4257-95513870C259}.Debug|Any CPU.ActiveCfg = Debug|Any CPU
		{6B8F14C1-74D0-4C3C-4257-95513870C259}.Debug|Any CPU.Build.0 = Debug|Any CPU
		{6B8F14C1-74D0-4C3C-4257-95513870C259}.Release|Any CPU.ActiveCfg = Release|Any CPU
		{6B8F14C1-74D0-4C3C-4257-95513870C259}.Release|Any CPU.Build.0 = Release|Any CPU
		{718E5EC5-876F-8A79-0465-D3B4BD2A5D7A}.Debug|Any CPU.ActiveCfg = Debug|Any CPU
		{718E5EC5-876F-8A79-0465-D3B4BD2A5D7A}.Debug|Any CPU.Build.0 = Debug|Any CPU
		{718E5EC5-876F-8A79-0465-D3B4BD2A5D7A}.Release|Any CPU.ActiveCfg = Release|Any CPU
		{718E5EC5-876F-8A79-0465-D3B4BD2A5D7A}.Release|Any CPU.Build.0 = Release|Any CPU
		{0F679D95-81DA-9A11-49B0-4426B0DA8166}.Debug|Any CPU.ActiveCfg = Debug|Any CPU
		{0F679D95-81DA-9A11-49B0-4426B0DA8166}.Debug|Any CPU.Build.0 = Debug|Any CPU
		{0F679D95-81DA-9A11-49B0-4426B0DA8166}.Release|Any CPU.ActiveCfg = Release|Any CPU
		{0F679D95-81DA-9A11-49B0-4426B0DA8166}.Release|Any CPU.Build.0 = Release|Any CPU
		{4B966C9A-FCEA-7DD5-414A-17DEA98FACF9}.Debug|Any CPU.ActiveCfg = Debug|Any CPU
		{4B966C9A-FCEA-7DD5-414A-17DEA98FACF9}.Debug|Any CPU.Build.0 = Debug|Any CPU
		{4B966C9A-FCEA-7DD5-414A-17DEA98FACF9}.Release|Any CPU.ActiveCfg = Release|Any CPU
		{4B966C9A-FCEA-7DD5-414A-17DEA98FACF9}.Release|Any CPU.Build.0 = Release|Any CPU
		{C32E617E-F44A-58F4-FA6A-54E2AA1BF836}.Debug|Any CPU.ActiveCfg = Debug|Any CPU
		{C32E617E-F44A-58F4-FA6A-54E2AA1BF836}.Debug|Any CPU.Build.0 = Debug|Any CPU
		{C32E617E-F44A-58F4-FA6A-54E2AA1BF836}.Release|Any CPU.ActiveCfg = Release|Any CPU
		{C32E617E-F44A-58F4-FA6A-54E2AA1BF836}.Release|Any CPU.Build.0 = Release|Any CPU
		{9C50C50C-C29E-35CE-F569-F556B1FD93A3}.Debug|Any CPU.ActiveCfg = Debug|Any CPU
		{9C50C50C-C29E-35CE-F569-F556B1FD93A3}.Debug|Any CPU.Build.0 = Debug|Any CPU
		{9C50C50C-C29E-35CE-F569-F556B1FD93A3}.Release|Any CPU.ActiveCfg = Release|Any CPU
		{9C50C50C-C29E-35CE-F569-F556B1FD93A3}.Release|Any CPU.Build.0 = Release|Any CPU
		{0234739E-46F0-BC40-E736-2B55143FFF1E}.Debug|Any CPU.ActiveCfg = Debug|Any CPU
		{0234739E-46F0-BC40-E736-2B55143FFF1E}.Debug|Any CPU.Build.0 = Debug|Any CPU
		{0234739E-46F0-BC40-E736-2B55143FFF1E}.Release|Any CPU.ActiveCfg = Release|Any CPU
		{0234739E-46F0-BC40-E736-2B55143FFF1E}.Release|Any CPU.Build.0 = Release|Any CPU
		{68AA5EF4-16BD-C60F-BABB-709C06D6E2B7}.Debug|Any CPU.ActiveCfg = Debug|Any CPU
		{68AA5EF4-16BD-C60F-BABB-709C06D6E2B7}.Debug|Any CPU.Build.0 = Debug|Any CPU
		{68AA5EF4-16BD-C60F-BABB-709C06D6E2B7}.Release|Any CPU.ActiveCfg = Release|Any CPU
		{68AA5EF4-16BD-C60F-BABB-709C06D6E2B7}.Release|Any CPU.Build.0 = Release|Any CPU
		{FC6DD99F-3F3B-9292-CBAF-C8B780E7D65E}.Debug|Any CPU.ActiveCfg = Debug|Any CPU
		{FC6DD99F-3F3B-9292-CBAF-C8B780E7D65E}.Debug|Any CPU.Build.0 = Debug|Any CPU
		{FC6DD99F-3F3B-9292-CBAF-C8B780E7D65E}.Release|Any CPU.ActiveCfg = Release|Any CPU
		{FC6DD99F-3F3B-9292-CBAF-C8B780E7D65E}.Release|Any CPU.Build.0 = Release|Any CPU
		{3A3CDF68-D9FC-968C-5808-4D697FB901BA}.Debug|Any CPU.ActiveCfg = Debug|Any CPU
		{3A3CDF68-D9FC-968C-5808-4D697FB901BA}.Debug|Any CPU.Build.0 = Debug|Any CPU
		{3A3CDF68-D9FC-968C-5808-4D697FB901BA}.Release|Any CPU.ActiveCfg = Release|Any CPU
		{3A3CDF68-D9FC-968C-5808-4D697FB901BA}.Release|Any CPU.Build.0 = Release|Any CPU
		{690F6BE4-6095-00AF-B539-60D66444AD84}.Debug|Any CPU.ActiveCfg = Debug|Any CPU
		{690F6BE4-6095-00AF-B539-60D66444AD84}.Debug|Any CPU.Build.0 = Debug|Any CPU
		{690F6BE4-6095-00AF-B539-60D66444AD84}.Release|Any CPU.ActiveCfg = Release|Any CPU
		{690F6BE4-6095-00AF-B539-60D66444AD84}.Release|Any CPU.Build.0 = Release|Any CPU
		{0519F493-3946-9C54-D311-C25FA47374C0}.Debug|Any CPU.ActiveCfg = Debug|Any CPU
		{0519F493-3946-9C54-D311-C25FA47374C0}.Debug|Any CPU.Build.0 = Debug|Any CPU
		{0519F493-3946-9C54-D311-C25FA47374C0}.Release|Any CPU.ActiveCfg = Release|Any CPU
		{0519F493-3946-9C54-D311-C25FA47374C0}.Release|Any CPU.Build.0 = Release|Any CPU
		{A50122ED-BC5D-FABF-57BD-0226FA22370D}.Debug|Any CPU.ActiveCfg = Debug|Any CPU
		{A50122ED-BC5D-FABF-57BD-0226FA22370D}.Debug|Any CPU.Build.0 = Debug|Any CPU
		{A50122ED-BC5D-FABF-57BD-0226FA22370D}.Release|Any CPU.ActiveCfg = Release|Any CPU
		{A50122ED-BC5D-FABF-57BD-0226FA22370D}.Release|Any CPU.Build.0 = Release|Any CPU
		{43EB6B8C-6FE2-35E6-3F52-54931647602C}.Debug|Any CPU.ActiveCfg = Debug|Any CPU
		{43EB6B8C-6FE2-35E6-3F52-54931647602C}.Debug|Any CPU.Build.0 = Debug|Any CPU
		{43EB6B8C-6FE2-35E6-3F52-54931647602C}.Release|Any CPU.ActiveCfg = Release|Any CPU
		{43EB6B8C-6FE2-35E6-3F52-54931647602C}.Release|Any CPU.Build.0 = Release|Any CPU
		{E82A1FA7-B91A-E72E-93B7-A927DE1A51AA}.Debug|Any CPU.ActiveCfg = Debug|Any CPU
		{E82A1FA7-B91A-E72E-93B7-A927DE1A51AA}.Debug|Any CPU.Build.0 = Debug|Any CPU
		{E82A1FA7-B91A-E72E-93B7-A927DE1A51AA}.Release|Any CPU.ActiveCfg = Release|Any CPU
		{E82A1FA7-B91A-E72E-93B7-A927DE1A51AA}.Release|Any CPU.Build.0 = Release|Any CPU
		{F405E776-0E5C-B51A-234F-BEDDF028CA34}.Debug|Any CPU.ActiveCfg = Debug|Any CPU
		{F405E776-0E5C-B51A-234F-BEDDF028CA34}.Debug|Any CPU.Build.0 = Debug|Any CPU
		{F405E776-0E5C-B51A-234F-BEDDF028CA34}.Release|Any CPU.ActiveCfg = Release|Any CPU
		{F405E776-0E5C-B51A-234F-BEDDF028CA34}.Release|Any CPU.Build.0 = Release|Any CPU
		{195F40A9-3873-F849-1B20-564A8F054C73}.Debug|Any CPU.ActiveCfg = Debug|Any CPU
		{195F40A9-3873-F849-1B20-564A8F054C73}.Debug|Any CPU.Build.0 = Debug|Any CPU
		{195F40A9-3873-F849-1B20-564A8F054C73}.Release|Any CPU.ActiveCfg = Release|Any CPU
		{195F40A9-3873-F849-1B20-564A8F054C73}.Release|Any CPU.Build.0 = Release|Any CPU
		{D55B2D61-2E21-B2B3-12A6-A6BC3EB33256}.Debug|Any CPU.ActiveCfg = Debug|Any CPU
		{D55B2D61-2E21-B2B3-12A6-A6BC3EB33256}.Debug|Any CPU.Build.0 = Debug|Any CPU
		{D55B2D61-2E21-B2B3-12A6-A6BC3EB33256}.Release|Any CPU.ActiveCfg = Release|Any CPU
		{D55B2D61-2E21-B2B3-12A6-A6BC3EB33256}.Release|Any CPU.Build.0 = Release|Any CPU
		{B5E468F6-F0F2-BDFB-F8FF-AB1E6CC63C8E}.Debug|Any CPU.ActiveCfg = Debug|Any CPU
		{B5E468F6-F0F2-BDFB-F8FF-AB1E6CC63C8E}.Debug|Any CPU.Build.0 = Debug|Any CPU
		{B5E468F6-F0F2-BDFB-F8FF-AB1E6CC63C8E}.Release|Any CPU.ActiveCfg = Release|Any CPU
		{B5E468F6-F0F2-BDFB-F8FF-AB1E6CC63C8E}.Release|Any CPU.Build.0 = Release|Any CPU
		{410C531C-264D-7BD0-8A99-6628E3EED16C}.Debug|Any CPU.ActiveCfg = Debug|Any CPU
		{410C531C-264D-7BD0-8A99-6628E3EED16C}.Debug|Any CPU.Build.0 = Debug|Any CPU
		{410C531C-264D-7BD0-8A99-6628E3EED16C}.Release|Any CPU.ActiveCfg = Release|Any CPU
		{410C531C-264D-7BD0-8A99-6628E3EED16C}.Release|Any CPU.Build.0 = Release|Any CPU
		{DDCB7080-5D54-2415-87DE-4DF24F110C75}.Debug|Any CPU.ActiveCfg = Debug|Any CPU
		{DDCB7080-5D54-2415-87DE-4DF24F110C75}.Debug|Any CPU.Build.0 = Debug|Any CPU
		{DDCB7080-5D54-2415-87DE-4DF24F110C75}.Release|Any CPU.ActiveCfg = Release|Any CPU
		{DDCB7080-5D54-2415-87DE-4DF24F110C75}.Release|Any CPU.Build.0 = Release|Any CPU
		{4955CB76-265E-0EEC-7CC1-A1F6B73582BD}.Debug|Any CPU.ActiveCfg = Debug|Any CPU
		{4955CB76-265E-0EEC-7CC1-A1F6B73582BD}.Debug|Any CPU.Build.0 = Debug|Any CPU
		{4955CB76-265E-0EEC-7CC1-A1F6B73582BD}.Release|Any CPU.ActiveCfg = Release|Any CPU
		{4955CB76-265E-0EEC-7CC1-A1F6B73582BD}.Release|Any CPU.Build.0 = Release|Any CPU
		{E6352D37-3BB3-9CCE-5E79-6471AC87E539}.Debug|Any CPU.ActiveCfg = Debug|Any CPU
		{E6352D37-3BB3-9CCE-5E79-6471AC87E539}.Debug|Any CPU.Build.0 = Debug|Any CPU
		{E6352D37-3BB3-9CCE-5E79-6471AC87E539}.Release|Any CPU.ActiveCfg = Release|Any CPU
		{E6352D37-3BB3-9CCE-5E79-6471AC87E539}.Release|Any CPU.Build.0 = Release|Any CPU
		{1D3896DF-A8F8-21A7-F6AE-3FA30E30E81D}.Debug|Any CPU.ActiveCfg = Debug|Any CPU
		{1D3896DF-A8F8-21A7-F6AE-3FA30E30E81D}.Debug|Any CPU.Build.0 = Debug|Any CPU
		{1D3896DF-A8F8-21A7-F6AE-3FA30E30E81D}.Release|Any CPU.ActiveCfg = Release|Any CPU
		{1D3896DF-A8F8-21A7-F6AE-3FA30E30E81D}.Release|Any CPU.Build.0 = Release|Any CPU
		{A3EBFBF0-EBC8-A962-81A2-FD168556C690}.Debug|Any CPU.ActiveCfg = Debug|Any CPU
		{A3EBFBF0-EBC8-A962-81A2-FD168556C690}.Debug|Any CPU.Build.0 = Debug|Any CPU
		{A3EBFBF0-EBC8-A962-81A2-FD168556C690}.Release|Any CPU.ActiveCfg = Release|Any CPU
		{A3EBFBF0-EBC8-A962-81A2-FD168556C690}.Release|Any CPU.Build.0 = Release|Any CPU
		{69064850-355E-C70B-638D-571449C9D11B}.Debug|Any CPU.ActiveCfg = Debug|Any CPU
		{69064850-355E-C70B-638D-571449C9D11B}.Debug|Any CPU.Build.0 = Debug|Any CPU
		{69064850-355E-C70B-638D-571449C9D11B}.Release|Any CPU.ActiveCfg = Release|Any CPU
		{69064850-355E-C70B-638D-571449C9D11B}.Release|Any CPU.Build.0 = Release|Any CPU
		{EC06EFE4-12AA-20D1-52D3-0C16944134A0}.Debug|Any CPU.ActiveCfg = Debug|Any CPU
		{EC06EFE4-12AA-20D1-52D3-0C16944134A0}.Debug|Any CPU.Build.0 = Debug|Any CPU
		{EC06EFE4-12AA-20D1-52D3-0C16944134A0}.Release|Any CPU.ActiveCfg = Release|Any CPU
		{EC06EFE4-12AA-20D1-52D3-0C16944134A0}.Release|Any CPU.Build.0 = Release|Any CPU
		{FAF1A437-2D2C-4A2A-C957-85DEAA07582E}.Debug|Any CPU.ActiveCfg = Debug|Any CPU
		{FAF1A437-2D2C-4A2A-C957-85DEAA07582E}.Debug|Any CPU.Build.0 = Debug|Any CPU
		{FAF1A437-2D2C-4A2A-C957-85DEAA07582E}.Release|Any CPU.ActiveCfg = Release|Any CPU
		{FAF1A437-2D2C-4A2A-C957-85DEAA07582E}.Release|Any CPU.Build.0 = Release|Any CPU
		{5B484476-90A7-B635-C7D4-758B5BB85909}.Debug|Any CPU.ActiveCfg = Debug|Any CPU
		{5B484476-90A7-B635-C7D4-758B5BB85909}.Debug|Any CPU.Build.0 = Debug|Any CPU
		{5B484476-90A7-B635-C7D4-758B5BB85909}.Release|Any CPU.ActiveCfg = Release|Any CPU
		{5B484476-90A7-B635-C7D4-758B5BB85909}.Release|Any CPU.Build.0 = Release|Any CPU
		{FF3174C8-1894-2AC7-D7FC-35617773A26D}.Debug|Any CPU.ActiveCfg = Debug|Any CPU
		{FF3174C8-1894-2AC7-D7FC-35617773A26D}.Debug|Any CPU.Build.0 = Debug|Any CPU
		{FF3174C8-1894-2AC7-D7FC-35617773A26D}.Release|Any CPU.ActiveCfg = Release|Any CPU
		{FF3174C8-1894-2AC7-D7FC-35617773A26D}.Release|Any CPU.Build.0 = Release|Any CPU
		{8C74FE7A-D16A-C372-CB11-D04E511E7744}.Debug|Any CPU.ActiveCfg = Debug|Any CPU
		{8C74FE7A-D16A-C372-CB11-D04E511E7744}.Debug|Any CPU.Build.0 = Debug|Any CPU
		{8C74FE7A-D16A-C372-CB11-D04E511E7744}.Release|Any CPU.ActiveCfg = Release|Any CPU
		{8C74FE7A-D16A-C372-CB11-D04E511E7744}.Release|Any CPU.Build.0 = Release|Any CPU
		{1D1D2783-19C2-E792-1D30-9642DD626A45}.Debug|Any CPU.ActiveCfg = Debug|Any CPU
		{1D1D2783-19C2-E792-1D30-9642DD626A45}.Debug|Any CPU.Build.0 = Debug|Any CPU
		{1D1D2783-19C2-E792-1D30-9642DD626A45}.Release|Any CPU.ActiveCfg = Release|Any CPU
		{1D1D2783-19C2-E792-1D30-9642DD626A45}.Release|Any CPU.Build.0 = Release|Any CPU
		{BFFC92DB-94BA-D73B-D5A8-F0415AF6D5A4}.Debug|Any CPU.ActiveCfg = Debug|Any CPU
		{BFFC92DB-94BA-D73B-D5A8-F0415AF6D5A4}.Debug|Any CPU.Build.0 = Debug|Any CPU
		{BFFC92DB-94BA-D73B-D5A8-F0415AF6D5A4}.Release|Any CPU.ActiveCfg = Release|Any CPU
		{BFFC92DB-94BA-D73B-D5A8-F0415AF6D5A4}.Release|Any CPU.Build.0 = Release|Any CPU
		{A8C100BD-9DD8-5DFC-E0BF-3B7411A735F9}.Debug|Any CPU.ActiveCfg = Debug|Any CPU
		{A8C100BD-9DD8-5DFC-E0BF-3B7411A735F9}.Debug|Any CPU.Build.0 = Debug|Any CPU
		{A8C100BD-9DD8-5DFC-E0BF-3B7411A735F9}.Release|Any CPU.ActiveCfg = Release|Any CPU
		{A8C100BD-9DD8-5DFC-E0BF-3B7411A735F9}.Release|Any CPU.Build.0 = Release|Any CPU
		{F271A8D2-2275-51A4-B645-ACF5645A0E33}.Debug|Any CPU.ActiveCfg = Debug|Any CPU
		{F271A8D2-2275-51A4-B645-ACF5645A0E33}.Debug|Any CPU.Build.0 = Debug|Any CPU
		{F271A8D2-2275-51A4-B645-ACF5645A0E33}.Release|Any CPU.ActiveCfg = Release|Any CPU
		{F271A8D2-2275-51A4-B645-ACF5645A0E33}.Release|Any CPU.Build.0 = Release|Any CPU
		{93884A6B-03D9-58F4-A1D9-D0DBCB377CCF}.Debug|Any CPU.ActiveCfg = Debug|Any CPU
		{93884A6B-03D9-58F4-A1D9-D0DBCB377CCF}.Debug|Any CPU.Build.0 = Debug|Any CPU
		{93884A6B-03D9-58F4-A1D9-D0DBCB377CCF}.Release|Any CPU.ActiveCfg = Release|Any CPU
		{93884A6B-03D9-58F4-A1D9-D0DBCB377CCF}.Release|Any CPU.Build.0 = Release|Any CPU
		{ADA62E5E-78FB-BB57-6A36-8BEAFA1C367D}.Debug|Any CPU.ActiveCfg = Debug|Any CPU
		{ADA62E5E-78FB-BB57-6A36-8BEAFA1C367D}.Debug|Any CPU.Build.0 = Debug|Any CPU
		{ADA62E5E-78FB-BB57-6A36-8BEAFA1C367D}.Release|Any CPU.ActiveCfg = Release|Any CPU
		{ADA62E5E-78FB-BB57-6A36-8BEAFA1C367D}.Release|Any CPU.Build.0 = Release|Any CPU
		{555F5655-41FC-53DE-F5DD-C69FD223C174}.Debug|Any CPU.ActiveCfg = Debug|Any CPU
		{555F5655-41FC-53DE-F5DD-C69FD223C174}.Debug|Any CPU.Build.0 = Debug|Any CPU
		{555F5655-41FC-53DE-F5DD-C69FD223C174}.Release|Any CPU.ActiveCfg = Release|Any CPU
		{555F5655-41FC-53DE-F5DD-C69FD223C174}.Release|Any CPU.Build.0 = Release|Any CPU
		{66635F89-C143-56D4-1BA8-938275B3238C}.Debug|Any CPU.ActiveCfg = Debug|Any CPU
		{66635F89-C143-56D4-1BA8-938275B3238C}.Debug|Any CPU.Build.0 = Debug|Any CPU
		{66635F89-C143-56D4-1BA8-938275B3238C}.Release|Any CPU.ActiveCfg = Release|Any CPU
		{66635F89-C143-56D4-1BA8-938275B3238C}.Release|Any CPU.Build.0 = Release|Any CPU
		{9FBE2523-D7D9-89FD-FD7C-78CF26B5E0E1}.Debug|Any CPU.ActiveCfg = Debug|Any CPU
		{9FBE2523-D7D9-89FD-FD7C-78CF26B5E0E1}.Debug|Any CPU.Build.0 = Debug|Any CPU
		{9FBE2523-D7D9-89FD-FD7C-78CF26B5E0E1}.Release|Any CPU.ActiveCfg = Release|Any CPU
		{9FBE2523-D7D9-89FD-FD7C-78CF26B5E0E1}.Release|Any CPU.Build.0 = Release|Any CPU
		{0C1EF38C-E028-6BCB-EA5C-051FF6A676C6}.Debug|Any CPU.ActiveCfg = Debug|Any CPU
		{0C1EF38C-E028-6BCB-EA5C-051FF6A676C6}.Debug|Any CPU.Build.0 = Debug|Any CPU
		{0C1EF38C-E028-6BCB-EA5C-051FF6A676C6}.Release|Any CPU.ActiveCfg = Release|Any CPU
		{0C1EF38C-E028-6BCB-EA5C-051FF6A676C6}.Release|Any CPU.Build.0 = Release|Any CPU
		{18685145-390B-6767-A73E-8BE9265CD3A1}.Debug|Any CPU.ActiveCfg = Debug|Any CPU
		{18685145-390B-6767-A73E-8BE9265CD3A1}.Debug|Any CPU.Build.0 = Debug|Any CPU
		{18685145-390B-6767-A73E-8BE9265CD3A1}.Release|Any CPU.ActiveCfg = Release|Any CPU
		{18685145-390B-6767-A73E-8BE9265CD3A1}.Release|Any CPU.Build.0 = Release|Any CPU
	EndGlobalSection
	GlobalSection(SolutionProperties) = preSolution
		HideSolutionNode = FALSE
	EndGlobalSection
EndGlobal
