
Microsoft Visual Studio Solution File, Format Version 12.00
# Visual Studio 15
Project("{FAE04EC0-301F-11D3-BF4B-00C04F79EFBC}") = "Unity.2D.Animation.Editor", "Unity.2D.Animation.Editor.csproj", "{32895306-4501-58D9-B4E7-BF910DA4199D}"
EndProject
Project("{FAE04EC0-301F-11D3-BF4B-00C04F79EFBC}") = "Unity.2D.Tilemap.Editor", "Unity.2D.Tilemap.Editor.csproj", "{F04B981A-1568-1478-AA15-A1EC0472A8E1}"
EndProject
Project("{FAE04EC0-301F-11D3-BF4B-00C04F79EFBC}") = "Unity.TextMeshPro.Editor", "Unity.TextMeshPro.Editor.csproj", "{23840F8E-73BD-EEC7-559B-F7658B3E3B0D}"
EndProject
Project("{FAE04EC0-301F-11D3-BF4B-00C04F79EFBC}") = "Unity.Burst", "Unity.Burst.csproj", "{53388B26-2607-22CC-EA66-6154D7664DB9}"
EndProject
Project("{FAE04EC0-301F-11D3-BF4B-00C04F79EFBC}") = "Unity.2D.Aseprite.Editor", "Unity.2D.Aseprite.Editor.csproj", "{3391CCAB-62C7-EA6C-0C58-407659C60044}"
EndProject
Project("{FAE04EC0-301F-11D3-BF4B-00C04F79EFBC}") = "Unity.InputSystem", "Unity.InputSystem.csproj", "{C0CFC8AD-B9F7-8284-7CF5-E1081F060E39}"
EndProject
Project("{FAE04EC0-301F-11D3-BF4B-00C04F79EFBC}") = "UnityEditor.UI", "UnityEditor.UI.csproj", "{4621C43C-7C8C-D740-D8D4-7780EAE6F091}"
EndProject
Project("{FAE04EC0-301F-11D3-BF4B-00C04F79EFBC}") = "Unity.2D.Psdimporter.Editor", "Unity.2D.Psdimporter.Editor.csproj", "{7D673535-8395-751D-B439-EFFC18A9954C}"
EndProject
Project("{FAE04EC0-301F-11D3-BF4B-00C04F79EFBC}") = "Unity.2D.Sprite.Editor", "Unity.2D.Sprite.Editor.csproj", "{C0609C75-5824-A021-3BAE-AF6E6032B59B}"
EndProject
Project("{FAE04EC0-301F-11D3-BF4B-00C04F79EFBC}") = "Unity.Mathematics", "Unity.Mathematics.csproj", "{F55289BD-3784-0C9C-B6BF-19ABA4B12873}"
EndProject
Project("{FAE04EC0-301F-11D3-BF4B-00C04F79EFBC}") = "Unity.2D.PixelPerfect.Editor", "Unity.2D.PixelPerfect.Editor.csproj", "{D391ABF4-766D-5ACE-8F3B-33F7FE8E4DA1}"
EndProject
Project("{FAE04EC0-301F-11D3-BF4B-00C04F79EFBC}") = "Unity.2D.Common.Path.Editor", "Unity.2D.Common.Path.Editor.csproj", "{F2058CEE-AA70-814A-123B-155849D491C0}"
EndProject
Project("{FAE04EC0-301F-11D3-BF4B-00C04F79EFBC}") = "Unity.2D.IK.Runtime", "Unity.2D.IK.Runtime.csproj", "{11F2762F-54A7-FC28-BD35-5D9A91B05400}"
EndProject
Project("{FAE04EC0-301F-11D3-BF4B-00C04F79EFBC}") = "UnityEditor.TestRunner", "UnityEditor.TestRunner.csproj", "{CB209772-34A8-6C79-BE9C-14DAC5A92876}"
EndProject
Project("{FAE04EC0-301F-11D3-BF4B-00C04F79EFBC}") = "PsdPlugin", "PsdPlugin.csproj", "{73468FAE-4830-469D-30E6-EA7EC6C5D28F}"
EndProject
Project("{FAE04EC0-301F-11D3-BF4B-00C04F79EFBC}") = "UnityEngine.TestRunner", "UnityEngine.TestRunner.csproj", "{66FCBDE9-CFD0-C020-8E2F-06A147633A88}"
EndProject
Project("{FAE04EC0-301F-11D3-BF4B-00C04F79EFBC}") = "UnityEngine.UI", "UnityEngine.UI.csproj", "{B5165DCD-CF11-674F-10CF-21C0AE573C10}"
EndProject
Project("{FAE04EC0-301F-11D3-BF4B-00C04F79EFBC}") = "Unity.2D.IK.Editor", "Unity.2D.IK.Editor.csproj", "{8E4A0BD3-AFAE-3083-95FB-85854F76C724}"
EndProject
Project("{FAE04EC0-301F-11D3-BF4B-00C04F79EFBC}") = "Unity.Collections", "Unity.Collections.csproj", "{46DAA3C2-13E2-43AA-0C9A-F2983D19AA65}"
EndProject
Project("{FAE04EC0-301F-11D3-BF4B-00C04F79EFBC}") = "Unity.TextMeshPro", "Unity.TextMeshPro.csproj", "{44A44B98-E111-38CF-DB33-E1BEC47B227D}"
EndProject
Project("{FAE04EC0-301F-11D3-BF4B-00C04F79EFBC}") = "Unity.VisualStudio.Editor", "Unity.VisualStudio.Editor.csproj", "{1F4072D6-671A-0DFA-45FC-1EDBCA20D98A}"
EndProject
Project("{FAE04EC0-301F-11D3-BF4B-00C04F79EFBC}") = "Unity.2D.SpriteShape.Editor", "Unity.2D.SpriteShape.Editor.csproj", "{99FE9589-6A86-C0D7-2AB2-720BED2C0FEA}"
EndProject
Project("{FAE04EC0-301F-11D3-BF4B-00C04F79EFBC}") = "Assembly-CSharp", "Assembly-CSharp.csproj", "{858AAC9E-471D-516B-9A5E-6A9FAA91B902}"
EndProject
Project("{FAE04EC0-301F-11D3-BF4B-00C04F79EFBC}") = "Unity.2D.Tilemap.Extras.Editor", "Unity.2D.Tilemap.Extras.Editor.csproj", "{0C31A17F-2692-89CA-044B-1AB2B7C14E89}"
EndProject
Project("{FAE04EC0-301F-11D3-BF4B-00C04F79EFBC}") = "Unity.2D.PixelPerfect", "Unity.2D.PixelPerfect.csproj", "{B3429B26-A19F-9640-6CC5-8E7F08068459}"
EndProject
Project("{FAE04EC0-301F-11D3-BF4B-00C04F79EFBC}") = "Unity.InputSystem.TestFramework", "Unity.InputSystem.TestFramework.csproj", "{F8086214-F06D-4C8E-84F8-DC37067D1A35}"
EndProject
Project("{FAE04EC0-301F-11D3-BF4B-00C04F79EFBC}") = "Unity.InternalAPIEditorBridge.001", "Unity.InternalAPIEditorBridge.001.csproj", "{FC4BAA2D-4D44-F3E5-5190-1F47BA20B91F}"
EndProject
Project("{FAE04EC0-301F-11D3-BF4B-00C04F79EFBC}") = "Unity.2D.SpriteShape.Runtime", "Unity.2D.SpriteShape.Runtime.csproj", "{40CB1787-5B04-7787-38E6-35753C1CA185}"
EndProject
Project("{FAE04EC0-301F-11D3-BF4B-00C04F79EFBC}") = "Unity.2D.Animation.Runtime", "Unity.2D.Animation.Runtime.csproj", "{7B5D48D3-2DAB-579B-D943-E4D4243D04F7}"
EndProject
Project("{FAE04EC0-301F-11D3-BF4B-00C04F79EFBC}") = "Unity.Burst.CodeGen", "Unity.Burst.CodeGen.csproj", "{226E1225-BB87-29DD-FF9A-9833C8EF5966}"
EndProject
Project("{FAE04EC0-301F-11D3-BF4B-00C04F79EFBC}") = "Unity.2D.Tilemap.Extras", "Unity.2D.Tilemap.Extras.csproj", "{E4DBA93E-8187-0B0C-8D70-DDE85CDC1555}"
EndProject
Project("{FAE04EC0-301F-11D3-BF4B-00C04F79EFBC}") = "Unity.Burst.Editor", "Unity.Burst.Editor.csproj", "{28F10013-3139-4F8E-F139-4E3A528B46F0}"
EndProject
Project("{FAE04EC0-301F-11D3-BF4B-00C04F79EFBC}") = "Unity.Collections.BurstCompatibilityGen", "Unity.Collections.BurstCompatibilityGen.csproj", "{9FEAD41A-C881-C796-2C05-36317EE96170}"
EndProject
Project("{FAE04EC0-301F-11D3-BF4B-00C04F79EFBC}") = "Unity.VSCode.Editor", "Unity.VSCode.Editor.csproj", "{7A3976EC-62E9-6359-88BD-4EF0E8FA001A}"
EndProject
Project("{FAE04EC0-301F-11D3-BF4B-00C04F79EFBC}") = "Unity.2D.Aseprite.Common", "Unity.2D.Aseprite.Common.csproj", "{982B5857-9BFC-F011-D244-73D33BFCE353}"
EndProject
Project("{FAE04EC0-301F-11D3-BF4B-00C04F79EFBC}") = "Unity.2D.Common.Editor", "Unity.2D.Common.Editor.csproj", "{193C1B46-6E28-80FB-1A7C-8CBBF51D6A8D}"
EndProject
Project("{FAE04EC0-301F-11D3-BF4B-00C04F79EFBC}") = "Unity.InternalAPIEngineBridge.001", "Unity.InternalAPIEngineBridge.001.csproj", "{F4D2B695-E8FE-71F1-C388-A6ED89D95806}"
EndProject
Project("{FAE04EC0-301F-11D3-BF4B-00C04F79EFBC}") = "Unity.2D.Common.Runtime", "Unity.2D.Common.Runtime.csproj", "{C5FDA898-8D34-D24B-7632-CF4E456D107E}"
EndProject
Project("{FAE04EC0-301F-11D3-BF4B-00C04F79EFBC}") = "Unity.Collections.DocCodeSamples", "Unity.Collections.DocCodeSamples.csproj", "{7C8B0114-B93E-EBC2-C12E-89B1293A1CCD}"
EndProject
Project("{FAE04EC0-301F-11D3-BF4B-00C04F79EFBC}") = "Unity.InputSystem.ForUI", "Unity.InputSystem.ForUI.csproj", "{893DE500-0FC8-A795-7C5D-9962E4FAA91A}"
EndProject
Project("{FAE04EC0-301F-11D3-BF4B-00C04F79EFBC}") = "Unity.Mathematics.Editor", "Unity.Mathematics.Editor.csproj", "{C22769C8-39AC-4F0E-1772-8BB4FAB48BDF}"
EndProject
Project("{FAE04EC0-301F-11D3-BF4B-00C04F79EFBC}") = "Unity.Burst", "Unity.Burst.Player.csproj", "{E7658E3A-5B83-EFDF-38EA-744946529441}"
EndProject
Project("{FAE04EC0-301F-11D3-BF4B-00C04F79EFBC}") = "Unity.InputSystem", "Unity.InputSystem.Player.csproj", "{2D17D23D-DE39-539B-F81B-2D4EC05FF0F4}"
EndProject
Project("{FAE04EC0-301F-11D3-BF4B-00C04F79EFBC}") = "Unity.Mathematics", "Unity.Mathematics.Player.csproj", "{D3D70F97-0484-1660-60B4-761721112D90}"
EndProject
Project("{FAE04EC0-301F-11D3-BF4B-00C04F79EFBC}") = "Unity.2D.IK.Runtime", "Unity.2D.IK.Runtime.Player.csproj", "{58BA41B9-7665-3949-D349-BC33BAAA9B73}"
EndProject
Project("{FAE04EC0-301F-11D3-BF4B-00C04F79EFBC}") = "UnityEngine.TestRunner", "UnityEngine.TestRunner.Player.csproj", "{5F5A2F75-9E36-A01A-19D8-28338098DBFB}"
EndProject
Project("{FAE04EC0-301F-11D3-BF4B-00C04F79EFBC}") = "UnityEngine.UI", "UnityEngine.UI.Player.csproj", "{3625F972-AFC0-8675-F129-63DA45751725}"
EndProject
Project("{FAE04EC0-301F-11D3-BF4B-00C04F79EFBC}") = "Unity.Collections", "Unity.Collections.Player.csproj", "{55FB358E-0579-C56F-AD5B-3C3743EFBEFC}"
EndProject
Project("{FAE04EC0-301F-11D3-BF4B-00C04F79EFBC}") = "Unity.TextMeshPro", "Unity.TextMeshPro.Player.csproj", "{FDB8A518-F7B1-A1DE-7E98-58FBB268044B}"
EndProject
Project("{FAE04EC0-301F-11D3-BF4B-00C04F79EFBC}") = "Assembly-CSharp", "Assembly-CSharp.Player.csproj", "{D108DE7D-AE69-CD37-E272-7A6604F7E3B9}"
EndProject
Project("{FAE04EC0-301F-11D3-BF4B-00C04F79EFBC}") = "Unity.2D.PixelPerfect", "Unity.2D.PixelPerfect.Player.csproj", "{0594A31F-3A64-4145-B389-72FA60EB46B2}"
EndProject
Project("{FAE04EC0-301F-11D3-BF4B-00C04F79EFBC}") = "Unity.InputSystem.TestFramework", "Unity.InputSystem.TestFramework.Player.csproj", "{FE67070F-9851-5293-CCB0-DD52E284A014}"
EndProject
Project("{FAE04EC0-301F-11D3-BF4B-00C04F79EFBC}") = "Unity.2D.SpriteShape.Runtime", "Unity.2D.SpriteShape.Runtime.Player.csproj", "{565ACBAB-4672-59EA-802F-5284950252E7}"
EndProject
Project("{FAE04EC0-301F-11D3-BF4B-00C04F79EFBC}") = "Unity.2D.Animation.Runtime", "Unity.2D.Animation.Runtime.Player.csproj", "{0EE39097-F6BF-747B-A48E-49A80C4A85F8}"
EndProject
Project("{FAE04EC0-301F-11D3-BF4B-00C04F79EFBC}") = "Unity.2D.Tilemap.Extras", "Unity.2D.Tilemap.Extras.Player.csproj", "{869C0851-5C30-6452-679A-D243F2BA42A0}"
EndProject
Project("{FAE04EC0-301F-11D3-BF4B-00C04F79EFBC}") = "Unity.InternalAPIEngineBridge.001", "Unity.InternalAPIEngineBridge.001.Player.csproj", "{078C9174-D29F-DB80-1BE8-DC361FCA32BC}"
EndProject
Project("{FAE04EC0-301F-11D3-BF4B-00C04F79EFBC}") = "Unity.2D.Common.Runtime", "Unity.2D.Common.Runtime.Player.csproj", "{E29B024E-5BD0-A503-A978-27078EA4071E}"
EndProject
Project("{FAE04EC0-301F-11D3-BF4B-00C04F79EFBC}") = "Unity.InputSystem.ForUI", "Unity.InputSystem.ForUI.Player.csproj", "{C4DFE27A-8080-693E-CD40-2173DCCCCD18}"
EndProject
Global
	GlobalSection(SolutionConfigurationPlatforms) = preSolution
		Debug|Any CPU = Debug|Any CPU
		Release|Any CPU = Release|Any CPU
	EndGlobalSection
	GlobalSection(ProjectConfigurationPlatforms) = postSolution
		{32895306-4501-58D9-B4E7-BF910DA4199D}.Debug|Any CPU.ActiveCfg = Debug|Any CPU
		{32895306-4501-58D9-B4E7-BF910DA4199D}.Debug|Any CPU.Build.0 = Debug|Any CPU
		{32895306-4501-58D9-B4E7-BF910DA4199D}.Release|Any CPU.ActiveCfg = Release|Any CPU
		{32895306-4501-58D9-B4E7-BF910DA4199D}.Release|Any CPU.Build.0 = Release|Any CPU
		{F04B981A-1568-1478-AA15-A1EC0472A8E1}.Debug|Any CPU.ActiveCfg = Debug|Any CPU
		{F04B981A-1568-1478-AA15-A1EC0472A8E1}.Debug|Any CPU.Build.0 = Debug|Any CPU
		{F04B981A-1568-1478-AA15-A1EC0472A8E1}.Release|Any CPU.ActiveCfg = Release|Any CPU
		{F04B981A-1568-1478-AA15-A1EC0472A8E1}.Release|Any CPU.Build.0 = Release|Any CPU
		{23840F8E-73BD-EEC7-559B-F7658B3E3B0D}.Debug|Any CPU.ActiveCfg = Debug|Any CPU
		{23840F8E-73BD-EEC7-559B-F7658B3E3B0D}.Debug|Any CPU.Build.0 = Debug|Any CPU
		{23840F8E-73BD-EEC7-559B-F7658B3E3B0D}.Release|Any CPU.ActiveCfg = Release|Any CPU
		{23840F8E-73BD-EEC7-559B-F7658B3E3B0D}.Release|Any CPU.Build.0 = Release|Any CPU
		{53388B26-2607-22CC-EA66-6154D7664DB9}.Debug|Any CPU.ActiveCfg = Debug|Any CPU
		{53388B26-2607-22CC-EA66-6154D7664DB9}.Debug|Any CPU.Build.0 = Debug|Any CPU
		{53388B26-2607-22CC-EA66-6154D7664DB9}.Release|Any CPU.ActiveCfg = Release|Any CPU
		{53388B26-2607-22CC-EA66-6154D7664DB9}.Release|Any CPU.Build.0 = Release|Any CPU
		{3391CCAB-62C7-EA6C-0C58-407659C60044}.Debug|Any CPU.ActiveCfg = Debug|Any CPU
		{3391CCAB-62C7-EA6C-0C58-407659C60044}.Debug|Any CPU.Build.0 = Debug|Any CPU
		{3391CCAB-62C7-EA6C-0C58-407659C60044}.Release|Any CPU.ActiveCfg = Release|Any CPU
		{3391CCAB-62C7-EA6C-0C58-407659C60044}.Release|Any CPU.Build.0 = Release|Any CPU
		{C0CFC8AD-B9F7-8284-7CF5-E1081F060E39}.Debug|Any CPU.ActiveCfg = Debug|Any CPU
		{C0CFC8AD-B9F7-8284-7CF5-E1081F060E39}.Debug|Any CPU.Build.0 = Debug|Any CPU
		{C0CFC8AD-B9F7-8284-7CF5-E1081F060E39}.Release|Any CPU.ActiveCfg = Release|Any CPU
		{C0CFC8AD-B9F7-8284-7CF5-E1081F060E39}.Release|Any CPU.Build.0 = Release|Any CPU
		{4621C43C-7C8C-D740-D8D4-7780EAE6F091}.Debug|Any CPU.ActiveCfg = Debug|Any CPU
		{4621C43C-7C8C-D740-D8D4-7780EAE6F091}.Debug|Any CPU.Build.0 = Debug|Any CPU
		{4621C43C-7C8C-D740-D8D4-7780EAE6F091}.Release|Any CPU.ActiveCfg = Release|Any CPU
		{4621C43C-7C8C-D740-D8D4-7780EAE6F091}.Release|Any CPU.Build.0 = Release|Any CPU
		{7D673535-8395-751D-B439-EFFC18A9954C}.Debug|Any CPU.ActiveCfg = Debug|Any CPU
		{7D673535-8395-751D-B439-EFFC18A9954C}.Debug|Any CPU.Build.0 = Debug|Any CPU
		{7D673535-8395-751D-B439-EFFC18A9954C}.Release|Any CPU.ActiveCfg = Release|Any CPU
		{7D673535-8395-751D-B439-EFFC18A9954C}.Release|Any CPU.Build.0 = Release|Any CPU
		{C0609C75-5824-A021-3BAE-AF6E6032B59B}.Debug|Any CPU.ActiveCfg = Debug|Any CPU
		{C0609C75-5824-A021-3BAE-AF6E6032B59B}.Debug|Any CPU.Build.0 = Debug|Any CPU
		{C0609C75-5824-A021-3BAE-AF6E6032B59B}.Release|Any CPU.ActiveCfg = Release|Any CPU
		{C0609C75-5824-A021-3BAE-AF6E6032B59B}.Release|Any CPU.Build.0 = Release|Any CPU
		{F55289BD-3784-0C9C-B6BF-19ABA4B12873}.Debug|Any CPU.ActiveCfg = Debug|Any CPU
		{F55289BD-3784-0C9C-B6BF-19ABA4B12873}.Debug|Any CPU.Build.0 = Debug|Any CPU
		{F55289BD-3784-0C9C-B6BF-19ABA4B12873}.Release|Any CPU.ActiveCfg = Release|Any CPU
		{F55289BD-3784-0C9C-B6BF-19ABA4B12873}.Release|Any CPU.Build.0 = Release|Any CPU
		{D391ABF4-766D-5ACE-8F3B-33F7FE8E4DA1}.Debug|Any CPU.ActiveCfg = Debug|Any CPU
		{D391ABF4-766D-5ACE-8F3B-33F7FE8E4DA1}.Debug|Any CPU.Build.0 = Debug|Any CPU
		{D391ABF4-766D-5ACE-8F3B-33F7FE8E4DA1}.Release|Any CPU.ActiveCfg = Release|Any CPU
		{D391ABF4-766D-5ACE-8F3B-33F7FE8E4DA1}.Release|Any CPU.Build.0 = Release|Any CPU
		{F2058CEE-AA70-814A-123B-155849D491C0}.Debug|Any CPU.ActiveCfg = Debug|Any CPU
		{F2058CEE-AA70-814A-123B-155849D491C0}.Debug|Any CPU.Build.0 = Debug|Any CPU
		{F2058CEE-AA70-814A-123B-155849D491C0}.Release|Any CPU.ActiveCfg = Release|Any CPU
		{F2058CEE-AA70-814A-123B-155849D491C0}.Release|Any CPU.Build.0 = Release|Any CPU
		{11F2762F-54A7-FC28-BD35-5D9A91B05400}.Debug|Any CPU.ActiveCfg = Debug|Any CPU
		{11F2762F-54A7-FC28-BD35-5D9A91B05400}.Debug|Any CPU.Build.0 = Debug|Any CPU
		{11F2762F-54A7-FC28-BD35-5D9A91B05400}.Release|Any CPU.ActiveCfg = Release|Any CPU
		{11F2762F-54A7-FC28-BD35-5D9A91B05400}.Release|Any CPU.Build.0 = Release|Any CPU
		{CB209772-34A8-6C79-BE9C-14DAC5A92876}.Debug|Any CPU.ActiveCfg = Debug|Any CPU
		{CB209772-34A8-6C79-BE9C-14DAC5A92876}.Debug|Any CPU.Build.0 = Debug|Any CPU
		{CB209772-34A8-6C79-BE9C-14DAC5A92876}.Release|Any CPU.ActiveCfg = Release|Any CPU
		{CB209772-34A8-6C79-BE9C-14DAC5A92876}.Release|Any CPU.Build.0 = Release|Any CPU
		{73468FAE-4830-469D-30E6-EA7EC6C5D28F}.Debug|Any CPU.ActiveCfg = Debug|Any CPU
		{73468FAE-4830-469D-30E6-EA7EC6C5D28F}.Debug|Any CPU.Build.0 = Debug|Any CPU
		{73468FAE-4830-469D-30E6-EA7EC6C5D28F}.Release|Any CPU.ActiveCfg = Release|Any CPU
		{73468FAE-4830-469D-30E6-EA7EC6C5D28F}.Release|Any CPU.Build.0 = Release|Any CPU
		{66FCBDE9-CFD0-C020-8E2F-06A147633A88}.Debug|Any CPU.ActiveCfg = Debug|Any CPU
		{66FCBDE9-CFD0-C020-8E2F-06A147633A88}.Debug|Any CPU.Build.0 = Debug|Any CPU
		{66FCBDE9-CFD0-C020-8E2F-06A147633A88}.Release|Any CPU.ActiveCfg = Release|Any CPU
		{66FCBDE9-CFD0-C020-8E2F-06A147633A88}.Release|Any CPU.Build.0 = Release|Any CPU
		{B5165DCD-CF11-674F-10CF-21C0AE573C10}.Debug|Any CPU.ActiveCfg = Debug|Any CPU
		{B5165DCD-CF11-674F-10CF-21C0AE573C10}.Debug|Any CPU.Build.0 = Debug|Any CPU
		{B5165DCD-CF11-674F-10CF-21C0AE573C10}.Release|Any CPU.ActiveCfg = Release|Any CPU
		{B5165DCD-CF11-674F-10CF-21C0AE573C10}.Release|Any CPU.Build.0 = Release|Any CPU
		{8E4A0BD3-AFAE-3083-95FB-85854F76C724}.Debug|Any CPU.ActiveCfg = Debug|Any CPU
		{8E4A0BD3-AFAE-3083-95FB-85854F76C724}.Debug|Any CPU.Build.0 = Debug|Any CPU
		{8E4A0BD3-AFAE-3083-95FB-85854F76C724}.Release|Any CPU.ActiveCfg = Release|Any CPU
		{8E4A0BD3-AFAE-3083-95FB-85854F76C724}.Release|Any CPU.Build.0 = Release|Any CPU
		{46DAA3C2-13E2-43AA-0C9A-F2983D19AA65}.Debug|Any CPU.ActiveCfg = Debug|Any CPU
		{46DAA3C2-13E2-43AA-0C9A-F2983D19AA65}.Debug|Any CPU.Build.0 = Debug|Any CPU
		{46DAA3C2-13E2-43AA-0C9A-F2983D19AA65}.Release|Any CPU.ActiveCfg = Release|Any CPU
		{46DAA3C2-13E2-43AA-0C9A-F2983D19AA65}.Release|Any CPU.Build.0 = Release|Any CPU
		{44A44B98-E111-38CF-DB33-E1BEC47B227D}.Debug|Any CPU.ActiveCfg = Debug|Any CPU
		{44A44B98-E111-38CF-DB33-E1BEC47B227D}.Debug|Any CPU.Build.0 = Debug|Any CPU
		{44A44B98-E111-38CF-DB33-E1BEC47B227D}.Release|Any CPU.ActiveCfg = Release|Any CPU
		{44A44B98-E111-38CF-DB33-E1BEC47B227D}.Release|Any CPU.Build.0 = Release|Any CPU
		{1F4072D6-671A-0DFA-45FC-1EDBCA20D98A}.Debug|Any CPU.ActiveCfg = Debug|Any CPU
		{1F4072D6-671A-0DFA-45FC-1EDBCA20D98A}.Debug|Any CPU.Build.0 = Debug|Any CPU
		{1F4072D6-671A-0DFA-45FC-1EDBCA20D98A}.Release|Any CPU.ActiveCfg = Release|Any CPU
		{1F4072D6-671A-0DFA-45FC-1EDBCA20D98A}.Release|Any CPU.Build.0 = Release|Any CPU
		{99FE9589-6A86-C0D7-2AB2-720BED2C0FEA}.Debug|Any CPU.ActiveCfg = Debug|Any CPU
		{99FE9589-6A86-C0D7-2AB2-720BED2C0FEA}.Debug|Any CPU.Build.0 = Debug|Any CPU
		{99FE9589-6A86-C0D7-2AB2-720BED2C0FEA}.Release|Any CPU.ActiveCfg = Release|Any CPU
		{99FE9589-6A86-C0D7-2AB2-720BED2C0FEA}.Release|Any CPU.Build.0 = Release|Any CPU
		{858AAC9E-471D-516B-9A5E-6A9FAA91B902}.Debug|Any CPU.ActiveCfg = Debug|Any CPU
		{858AAC9E-471D-516B-9A5E-6A9FAA91B902}.Debug|Any CPU.Build.0 = Debug|Any CPU
		{858AAC9E-471D-516B-9A5E-6A9FAA91B902}.Release|Any CPU.ActiveCfg = Release|Any CPU
		{858AAC9E-471D-516B-9A5E-6A9FAA91B902}.Release|Any CPU.Build.0 = Release|Any CPU
		{0C31A17F-2692-89CA-044B-1AB2B7C14E89}.Debug|Any CPU.ActiveCfg = Debug|Any CPU
		{0C31A17F-2692-89CA-044B-1AB2B7C14E89}.Debug|Any CPU.Build.0 = Debug|Any CPU
		{0C31A17F-2692-89CA-044B-1AB2B7C14E89}.Release|Any CPU.ActiveCfg = Release|Any CPU
		{0C31A17F-2692-89CA-044B-1AB2B7C14E89}.Release|Any CPU.Build.0 = Release|Any CPU
		{B3429B26-A19F-9640-6CC5-8E7F08068459}.Debug|Any CPU.ActiveCfg = Debug|Any CPU
		{B3429B26-A19F-9640-6CC5-8E7F08068459}.Debug|Any CPU.Build.0 = Debug|Any CPU
		{B3429B26-A19F-9640-6CC5-8E7F08068459}.Release|Any CPU.ActiveCfg = Release|Any CPU
		{B3429B26-A19F-9640-6CC5-8E7F08068459}.Release|Any CPU.Build.0 = Release|Any CPU
		{F8086214-F06D-4C8E-84F8-DC37067D1A35}.Debug|Any CPU.ActiveCfg = Debug|Any CPU
		{F8086214-F06D-4C8E-84F8-DC37067D1A35}.Debug|Any CPU.Build.0 = Debug|Any CPU
		{F8086214-F06D-4C8E-84F8-DC37067D1A35}.Release|Any CPU.ActiveCfg = Release|Any CPU
		{F8086214-F06D-4C8E-84F8-DC37067D1A35}.Release|Any CPU.Build.0 = Release|Any CPU
		{FC4BAA2D-4D44-F3E5-5190-1F47BA20B91F}.Debug|Any CPU.ActiveCfg = Debug|Any CPU
		{FC4BAA2D-4D44-F3E5-5190-1F47BA20B91F}.Debug|Any CPU.Build.0 = Debug|Any CPU
		{FC4BAA2D-4D44-F3E5-5190-1F47BA20B91F}.Release|Any CPU.ActiveCfg = Release|Any CPU
		{FC4BAA2D-4D44-F3E5-5190-1F47BA20B91F}.Release|Any CPU.Build.0 = Release|Any CPU
		{40CB1787-5B04-7787-38E6-35753C1CA185}.Debug|Any CPU.ActiveCfg = Debug|Any CPU
		{40CB1787-5B04-7787-38E6-35753C1CA185}.Debug|Any CPU.Build.0 = Debug|Any CPU
		{40CB1787-5B04-7787-38E6-35753C1CA185}.Release|Any CPU.ActiveCfg = Release|Any CPU
		{40CB1787-5B04-7787-38E6-35753C1CA185}.Release|Any CPU.Build.0 = Release|Any CPU
		{7B5D48D3-2DAB-579B-D943-E4D4243D04F7}.Debug|Any CPU.ActiveCfg = Debug|Any CPU
		{7B5D48D3-2DAB-579B-D943-E4D4243D04F7}.Debug|Any CPU.Build.0 = Debug|Any CPU
		{7B5D48D3-2DAB-579B-D943-E4D4243D04F7}.Release|Any CPU.ActiveCfg = Release|Any CPU
		{7B5D48D3-2DAB-579B-D943-E4D4243D04F7}.Release|Any CPU.Build.0 = Release|Any CPU
		{226E1225-BB87-29DD-FF9A-9833C8EF5966}.Debug|Any CPU.ActiveCfg = Debug|Any CPU
		{226E1225-BB87-29DD-FF9A-9833C8EF5966}.Debug|Any CPU.Build.0 = Debug|Any CPU
		{226E1225-BB87-29DD-FF9A-9833C8EF5966}.Release|Any CPU.ActiveCfg = Release|Any CPU
		{226E1225-BB87-29DD-FF9A-9833C8EF5966}.Release|Any CPU.Build.0 = Release|Any CPU
		{E4DBA93E-8187-0B0C-8D70-DDE85CDC1555}.Debug|Any CPU.ActiveCfg = Debug|Any CPU
		{E4DBA93E-8187-0B0C-8D70-DDE85CDC1555}.Debug|Any CPU.Build.0 = Debug|Any CPU
		{E4DBA93E-8187-0B0C-8D70-DDE85CDC1555}.Release|Any CPU.ActiveCfg = Release|Any CPU
		{E4DBA93E-8187-0B0C-8D70-DDE85CDC1555}.Release|Any CPU.Build.0 = Release|Any CPU
		{28F10013-3139-4F8E-F139-4E3A528B46F0}.Debug|Any CPU.ActiveCfg = Debug|Any CPU
		{28F10013-3139-4F8E-F139-4E3A528B46F0}.Debug|Any CPU.Build.0 = Debug|Any CPU
		{28F10013-3139-4F8E-F139-4E3A528B46F0}.Release|Any CPU.ActiveCfg = Release|Any CPU
		{28F10013-3139-4F8E-F139-4E3A528B46F0}.Release|Any CPU.Build.0 = Release|Any CPU
		{9FEAD41A-C881-C796-2C05-36317EE96170}.Debug|Any CPU.ActiveCfg = Debug|Any CPU
		{9FEAD41A-C881-C796-2C05-36317EE96170}.Debug|Any CPU.Build.0 = Debug|Any CPU
		{9FEAD41A-C881-C796-2C05-36317EE96170}.Release|Any CPU.ActiveCfg = Release|Any CPU
		{9FEAD41A-C881-C796-2C05-36317EE96170}.Release|Any CPU.Build.0 = Release|Any CPU
		{7A3976EC-62E9-6359-88BD-4EF0E8FA001A}.Debug|Any CPU.ActiveCfg = Debug|Any CPU
		{7A3976EC-62E9-6359-88BD-4EF0E8FA001A}.Debug|Any CPU.Build.0 = Debug|Any CPU
		{7A3976EC-62E9-6359-88BD-4EF0E8FA001A}.Release|Any CPU.ActiveCfg = Release|Any CPU
		{7A3976EC-62E9-6359-88BD-4EF0E8FA001A}.Release|Any CPU.Build.0 = Release|Any CPU
		{982B5857-9BFC-F011-D244-73D33BFCE353}.Debug|Any CPU.ActiveCfg = Debug|Any CPU
		{982B5857-9BFC-F011-D244-73D33BFCE353}.Debug|Any CPU.Build.0 = Debug|Any CPU
		{982B5857-9BFC-F011-D244-73D33BFCE353}.Release|Any CPU.ActiveCfg = Release|Any CPU
		{982B5857-9BFC-F011-D244-73D33BFCE353}.Release|Any CPU.Build.0 = Release|Any CPU
		{193C1B46-6E28-80FB-1A7C-8CBBF51D6A8D}.Debug|Any CPU.ActiveCfg = Debug|Any CPU
		{193C1B46-6E28-80FB-1A7C-8CBBF51D6A8D}.Debug|Any CPU.Build.0 = Debug|Any CPU
		{193C1B46-6E28-80FB-1A7C-8CBBF51D6A8D}.Release|Any CPU.ActiveCfg = Release|Any CPU
		{193C1B46-6E28-80FB-1A7C-8CBBF51D6A8D}.Release|Any CPU.Build.0 = Release|Any CPU
		{F4D2B695-E8FE-71F1-C388-A6ED89D95806}.Debug|Any CPU.ActiveCfg = Debug|Any CPU
		{F4D2B695-E8FE-71F1-C388-A6ED89D95806}.Debug|Any CPU.Build.0 = Debug|Any CPU
		{F4D2B695-E8FE-71F1-C388-A6ED89D95806}.Release|Any CPU.ActiveCfg = Release|Any CPU
		{F4D2B695-E8FE-71F1-C388-A6ED89D95806}.Release|Any CPU.Build.0 = Release|Any CPU
		{C5FDA898-8D34-D24B-7632-CF4E456D107E}.Debug|Any CPU.ActiveCfg = Debug|Any CPU
		{C5FDA898-8D34-D24B-7632-CF4E456D107E}.Debug|Any CPU.Build.0 = Debug|Any CPU
		{C5FDA898-8D34-D24B-7632-CF4E456D107E}.Release|Any CPU.ActiveCfg = Release|Any CPU
		{C5FDA898-8D34-D24B-7632-CF4E456D107E}.Release|Any CPU.Build.0 = Release|Any CPU
		{7C8B0114-B93E-EBC2-C12E-89B1293A1CCD}.Debug|Any CPU.ActiveCfg = Debug|Any CPU
		{7C8B0114-B93E-EBC2-C12E-89B1293A1CCD}.Debug|Any CPU.Build.0 = Debug|Any CPU
		{7C8B0114-B93E-EBC2-C12E-89B1293A1CCD}.Release|Any CPU.ActiveCfg = Release|Any CPU
		{7C8B0114-B93E-EBC2-C12E-89B1293A1CCD}.Release|Any CPU.Build.0 = Release|Any CPU
		{893DE500-0FC8-A795-7C5D-9962E4FAA91A}.Debug|Any CPU.ActiveCfg = Debug|Any CPU
		{893DE500-0FC8-A795-7C5D-9962E4FAA91A}.Debug|Any CPU.Build.0 = Debug|Any CPU
		{893DE500-0FC8-A795-7C5D-9962E4FAA91A}.Release|Any CPU.ActiveCfg = Release|Any CPU
		{893DE500-0FC8-A795-7C5D-9962E4FAA91A}.Release|Any CPU.Build.0 = Release|Any CPU
		{C22769C8-39AC-4F0E-1772-8BB4FAB48BDF}.Debug|Any CPU.ActiveCfg = Debug|Any CPU
		{C22769C8-39AC-4F0E-1772-8BB4FAB48BDF}.Debug|Any CPU.Build.0 = Debug|Any CPU
		{C22769C8-39AC-4F0E-1772-8BB4FAB48BDF}.Release|Any CPU.ActiveCfg = Release|Any CPU
		{C22769C8-39AC-4F0E-1772-8BB4FAB48BDF}.Release|Any CPU.Build.0 = Release|Any CPU
		{E7658E3A-5B83-EFDF-38EA-744946529441}.Debug|Any CPU.ActiveCfg = Debug|Any CPU
		{E7658E3A-5B83-EFDF-38EA-744946529441}.Debug|Any CPU.Build.0 = Debug|Any CPU
		{E7658E3A-5B83-EFDF-38EA-744946529441}.Release|Any CPU.ActiveCfg = Release|Any CPU
		{E7658E3A-5B83-EFDF-38EA-744946529441}.Release|Any CPU.Build.0 = Release|Any CPU
		{2D17D23D-DE39-539B-F81B-2D4EC05FF0F4}.Debug|Any CPU.ActiveCfg = Debug|Any CPU
		{2D17D23D-DE39-539B-F81B-2D4EC05FF0F4}.Debug|Any CPU.Build.0 = Debug|Any CPU
		{2D17D23D-DE39-539B-F81B-2D4EC05FF0F4}.Release|Any CPU.ActiveCfg = Release|Any CPU
		{2D17D23D-DE39-539B-F81B-2D4EC05FF0F4}.Release|Any CPU.Build.0 = Release|Any CPU
		{D3D70F97-0484-1660-60B4-761721112D90}.Debug|Any CPU.ActiveCfg = Debug|Any CPU
		{D3D70F97-0484-1660-60B4-761721112D90}.Debug|Any CPU.Build.0 = Debug|Any CPU
		{D3D70F97-0484-1660-60B4-761721112D90}.Release|Any CPU.ActiveCfg = Release|Any CPU
		{D3D70F97-0484-1660-60B4-761721112D90}.Release|Any CPU.Build.0 = Release|Any CPU
		{58BA41B9-7665-3949-D349-BC33BAAA9B73}.Debug|Any CPU.ActiveCfg = Debug|Any CPU
		{58BA41B9-7665-3949-D349-BC33BAAA9B73}.Debug|Any CPU.Build.0 = Debug|Any CPU
		{58BA41B9-7665-3949-D349-BC33BAAA9B73}.Release|Any CPU.ActiveCfg = Release|Any CPU
		{58BA41B9-7665-3949-D349-BC33BAAA9B73}.Release|Any CPU.Build.0 = Release|Any CPU
		{5F5A2F75-9E36-A01A-19D8-28338098DBFB}.Debug|Any CPU.ActiveCfg = Debug|Any CPU
		{5F5A2F75-9E36-A01A-19D8-28338098DBFB}.Debug|Any CPU.Build.0 = Debug|Any CPU
		{5F5A2F75-9E36-A01A-19D8-28338098DBFB}.Release|Any CPU.ActiveCfg = Release|Any CPU
		{5F5A2F75-9E36-A01A-19D8-28338098DBFB}.Release|Any CPU.Build.0 = Release|Any CPU
		{3625F972-AFC0-8675-F129-63DA45751725}.Debug|Any CPU.ActiveCfg = Debug|Any CPU
		{3625F972-AFC0-8675-F129-63DA45751725}.Debug|Any CPU.Build.0 = Debug|Any CPU
		{3625F972-AFC0-8675-F129-63DA45751725}.Release|Any CPU.ActiveCfg = Release|Any CPU
		{3625F972-AFC0-8675-F129-63DA45751725}.Release|Any CPU.Build.0 = Release|Any CPU
		{55FB358E-0579-C56F-AD5B-3C3743EFBEFC}.Debug|Any CPU.ActiveCfg = Debug|Any CPU
		{55FB358E-0579-C56F-AD5B-3C3743EFBEFC}.Debug|Any CPU.Build.0 = Debug|Any CPU
		{55FB358E-0579-C56F-AD5B-3C3743EFBEFC}.Release|Any CPU.ActiveCfg = Release|Any CPU
		{55FB358E-0579-C56F-AD5B-3C3743EFBEFC}.Release|Any CPU.Build.0 = Release|Any CPU
		{FDB8A518-F7B1-A1DE-7E98-58FBB268044B}.Debug|Any CPU.ActiveCfg = Debug|Any CPU
		{FDB8A518-F7B1-A1DE-7E98-58FBB268044B}.Debug|Any CPU.Build.0 = Debug|Any CPU
		{FDB8A518-F7B1-A1DE-7E98-58FBB268044B}.Release|Any CPU.ActiveCfg = Release|Any CPU
		{FDB8A518-F7B1-A1DE-7E98-58FBB268044B}.Release|Any CPU.Build.0 = Release|Any CPU
		{D108DE7D-AE69-CD37-E272-7A6604F7E3B9}.Debug|Any CPU.ActiveCfg = Debug|Any CPU
		{D108DE7D-AE69-CD37-E272-7A6604F7E3B9}.Debug|Any CPU.Build.0 = Debug|Any CPU
		{D108DE7D-AE69-CD37-E272-7A6604F7E3B9}.Release|Any CPU.ActiveCfg = Release|Any CPU
		{D108DE7D-AE69-CD37-E272-7A6604F7E3B9}.Release|Any CPU.Build.0 = Release|Any CPU
		{0594A31F-3A64-4145-B389-72FA60EB46B2}.Debug|Any CPU.ActiveCfg = Debug|Any CPU
		{0594A31F-3A64-4145-B389-72FA60EB46B2}.Debug|Any CPU.Build.0 = Debug|Any CPU
		{0594A31F-3A64-4145-B389-72FA60EB46B2}.Release|Any CPU.ActiveCfg = Release|Any CPU
		{0594A31F-3A64-4145-B389-72FA60EB46B2}.Release|Any CPU.Build.0 = Release|Any CPU
		{FE67070F-9851-5293-CCB0-DD52E284A014}.Debug|Any CPU.ActiveCfg = Debug|Any CPU
		{FE67070F-9851-5293-CCB0-DD52E284A014}.Debug|Any CPU.Build.0 = Debug|Any CPU
		{FE67070F-9851-5293-CCB0-DD52E284A014}.Release|Any CPU.ActiveCfg = Release|Any CPU
		{FE67070F-9851-5293-CCB0-DD52E284A014}.Release|Any CPU.Build.0 = Release|Any CPU
		{565ACBAB-4672-59EA-802F-5284950252E7}.Debug|Any CPU.ActiveCfg = Debug|Any CPU
		{565ACBAB-4672-59EA-802F-5284950252E7}.Debug|Any CPU.Build.0 = Debug|Any CPU
		{565ACBAB-4672-59EA-802F-5284950252E7}.Release|Any CPU.ActiveCfg = Release|Any CPU
		{565ACBAB-4672-59EA-802F-5284950252E7}.Release|Any CPU.Build.0 = Release|Any CPU
		{0EE39097-F6BF-747B-A48E-49A80C4A85F8}.Debug|Any CPU.ActiveCfg = Debug|Any CPU
		{0EE39097-F6BF-747B-A48E-49A80C4A85F8}.Debug|Any CPU.Build.0 = Debug|Any CPU
		{0EE39097-F6BF-747B-A48E-49A80C4A85F8}.Release|Any CPU.ActiveCfg = Release|Any CPU
		{0EE39097-F6BF-747B-A48E-49A80C4A85F8}.Release|Any CPU.Build.0 = Release|Any CPU
		{869C0851-5C30-6452-679A-D243F2BA42A0}.Debug|Any CPU.ActiveCfg = Debug|Any CPU
		{869C0851-5C30-6452-679A-D243F2BA42A0}.Debug|Any CPU.Build.0 = Debug|Any CPU
		{869C0851-5C30-6452-679A-D243F2BA42A0}.Release|Any CPU.ActiveCfg = Release|Any CPU
		{869C0851-5C30-6452-679A-D243F2BA42A0}.Release|Any CPU.Build.0 = Release|Any CPU
		{078C9174-D29F-DB80-1BE8-DC361FCA32BC}.Debug|Any CPU.ActiveCfg = Debug|Any CPU
		{078C9174-D29F-DB80-1BE8-DC361FCA32BC}.Debug|Any CPU.Build.0 = Debug|Any CPU
		{078C9174-D29F-DB80-1BE8-DC361FCA32BC}.Release|Any CPU.ActiveCfg = Release|Any CPU
		{078C9174-D29F-DB80-1BE8-DC361FCA32BC}.Release|Any CPU.Build.0 = Release|Any CPU
		{E29B024E-5BD0-A503-A978-27078EA4071E}.Debug|Any CPU.ActiveCfg = Debug|Any CPU
		{E29B024E-5BD0-A503-A978-27078EA4071E}.Debug|Any CPU.Build.0 = Debug|Any CPU
		{E29B024E-5BD0-A503-A978-27078EA4071E}.Release|Any CPU.ActiveCfg = Release|Any CPU
		{E29B024E-5BD0-A503-A978-27078EA4071E}.Release|Any CPU.Build.0 = Release|Any CPU
		{C4DFE27A-8080-693E-CD40-2173DCCCCD18}.Debug|Any CPU.ActiveCfg = Debug|Any CPU
		{C4DFE27A-8080-693E-CD40-2173DCCCCD18}.Debug|Any CPU.Build.0 = Debug|Any CPU
		{C4DFE27A-8080-693E-CD40-2173DCCCCD18}.Release|Any CPU.ActiveCfg = Release|Any CPU
		{C4DFE27A-8080-693E-CD40-2173DCCCCD18}.Release|Any CPU.Build.0 = Release|Any CPU
	EndGlobalSection
	GlobalSection(SolutionProperties) = preSolution
		HideSolutionNode = FALSE
	EndGlobalSection
EndGlobal
